// !$*UTF8*$!
{
	archiveVersion = 1;
	classes = {
	};
	objectVersion = 50;
	objects = {

/* Begin PBXBuildFile section */
		3820F1B72161608400C916F3 /* facebook.png in Resources */ = {isa = PBXBuildFile; fileRef = 3820F1B62161608400C916F3 /* facebook.png */; };
		87E3F98EC20E468112E556B1 /* Pods_Veg.framework in Frameworks */ = {isa = PBXBuildFile; fileRef = D4F48D52E40F670FDA108EF8 /* Pods_Veg.framework */; };
		8E9F1CA72162F062003B7D17 /* GoogleService-Info.plist in Resources */ = {isa = PBXBuildFile; fileRef = 8E9F1CA62162F062003B7D17 /* GoogleService-Info.plist */; };
		D40C658C2160F3260034E3F6 /* AppDelegate.swift in Sources */ = {isa = PBXBuildFile; fileRef = D40C658B2160F3260034E3F6 /* AppDelegate.swift */; };
		D40C658E2160F3260034E3F6 /* ViewController.swift in Sources */ = {isa = PBXBuildFile; fileRef = D40C658D2160F3260034E3F6 /* ViewController.swift */; };
		D40C65912160F3260034E3F6 /* Main.storyboard in Resources */ = {isa = PBXBuildFile; fileRef = D40C658F2160F3260034E3F6 /* Main.storyboard */; };
		D40C65942160F3260034E3F6 /* Veg.xcdatamodeld in Sources */ = {isa = PBXBuildFile; fileRef = D40C65922160F3260034E3F6 /* Veg.xcdatamodeld */; };
		D40C65962160F3290034E3F6 /* Assets.xcassets in Resources */ = {isa = PBXBuildFile; fileRef = D40C65952160F3290034E3F6 /* Assets.xcassets */; };
		D40C65992160F3290034E3F6 /* LaunchScreen.storyboard in Resources */ = {isa = PBXBuildFile; fileRef = D40C65972160F3290034E3F6 /* LaunchScreen.storyboard */; };
		D40C65A2216121040034E3F6 /* Conta.swift in Sources */ = {isa = PBXBuildFile; fileRef = D40C65A1216121040034E3F6 /* Conta.swift */; };
		D40C65A42161214D0034E3F6 /* Restaurante.swift in Sources */ = {isa = PBXBuildFile; fileRef = D40C65A32161214D0034E3F6 /* Restaurante.swift */; };
		D40C65AD2161467A0034E3F6 /* FabricaAbstrata.swift in Sources */ = {isa = PBXBuildFile; fileRef = D40C65AC2161467A0034E3F6 /* FabricaAbstrata.swift */; };
		D4CFFA0A21615F460021144D /* IRepositorioContas.swift in Sources */ = {isa = PBXBuildFile; fileRef = D4CFFA0921615F460021144D /* IRepositorioContas.swift */; };
		D4CFFA0C21615F960021144D /* IRepositorioRestaurante.swift in Sources */ = {isa = PBXBuildFile; fileRef = D4CFFA0B21615F960021144D /* IRepositorioRestaurante.swift */; };
		D4CFFA0E216160B80021144D /* IRepositorio.swift in Sources */ = {isa = PBXBuildFile; fileRef = D4CFFA0D216160B80021144D /* IRepositorio.swift */; };
		D4CFFA1021623A730021144D /* RepositorioContas.swift in Sources */ = {isa = PBXBuildFile; fileRef = D4CFFA0F21623A730021144D /* RepositorioContas.swift */; };
		D4CFFA1221623AA20021144D /* RepositorioRestaurante.swift in Sources */ = {isa = PBXBuildFile; fileRef = D4CFFA1121623AA20021144D /* RepositorioRestaurante.swift */; };
		D4CFFA15216249CA0021144D /* Fachada.swift in Sources */ = {isa = PBXBuildFile; fileRef = D4CFFA14216249CA0021144D /* Fachada.swift */; };
		D4CFFA1721624AE70021144D /* CamadaNegócio .swift in Sources */ = {isa = PBXBuildFile; fileRef = D4CFFA1621624AE70021144D /* CamadaNegócio .swift */; };
		D4CFFA1A21626B800021144D /* FabricaConcreta.swift in Sources */ = {isa = PBXBuildFile; fileRef = D4CFFA1921626B800021144D /* FabricaConcreta.swift */; };
		D4CFFA1C216273720021144D /* ControladorRealizarLogin.swift in Sources */ = {isa = PBXBuildFile; fileRef = D4CFFA1B216273720021144D /* ControladorRealizarLogin.swift */; };
		D4CFFA1E216273F90021144D /* ControladorBuscarRestaurantes.swift in Sources */ = {isa = PBXBuildFile; fileRef = D4CFFA1D216273F90021144D /* ControladorBuscarRestaurantes.swift */; };
		D4CFFA202162752D0021144D /* CadastroConta.swift in Sources */ = {isa = PBXBuildFile; fileRef = D4CFFA1F2162752D0021144D /* CadastroConta.swift */; };
		D4CFFA22216275530021144D /* CadastroRestaurante.swift in Sources */ = {isa = PBXBuildFile; fileRef = D4CFFA21216275530021144D /* CadastroRestaurante.swift */; };
		D4CFFA24216312830021144D /* RestaurantesViewController.swift in Sources */ = {isa = PBXBuildFile; fileRef = D4CFFA23216312830021144D /* RestaurantesViewController.swift */; };
		D4CFFA272163140C0021144D /* RestauranteTableViewCell.swift in Sources */ = {isa = PBXBuildFile; fileRef = D4CFFA262163140C0021144D /* RestauranteTableViewCell.swift */; };
		D4CFFA292165460E0021144D /* CadastrarRestauranteViewController.swift in Sources */ = {isa = PBXBuildFile; fileRef = D4CFFA282165460E0021144D /* CadastrarRestauranteViewController.swift */; };
/* End PBXBuildFile section */

/* Begin PBXFileReference section */
		35C1374DDB718583074849E3 /* Pods-Veg.debug.xcconfig */ = {isa = PBXFileReference; includeInIndex = 1; lastKnownFileType = text.xcconfig; name = "Pods-Veg.debug.xcconfig"; path = "Pods/Target Support Files/Pods-Veg/Pods-Veg.debug.xcconfig"; sourceTree = "<group>"; };
		35DA4C3638CBDD59C644DB30 /* Pods-Veg.release.xcconfig */ = {isa = PBXFileReference; includeInIndex = 1; lastKnownFileType = text.xcconfig; name = "Pods-Veg.release.xcconfig"; path = "Pods/Target Support Files/Pods-Veg/Pods-Veg.release.xcconfig"; sourceTree = "<group>"; };
		3820F1B62161608400C916F3 /* facebook.png */ = {isa = PBXFileReference; lastKnownFileType = image.png; path = facebook.png; sourceTree = "<group>"; };
		8E9F1CA62162F062003B7D17 /* GoogleService-Info.plist */ = {isa = PBXFileReference; fileEncoding = 4; lastKnownFileType = text.plist.xml; path = "GoogleService-Info.plist"; sourceTree = "<group>"; };
		D40C65882160F3260034E3F6 /* Veg.app */ = {isa = PBXFileReference; explicitFileType = wrapper.application; includeInIndex = 0; path = Veg.app; sourceTree = BUILT_PRODUCTS_DIR; };
		D40C658B2160F3260034E3F6 /* AppDelegate.swift */ = {isa = PBXFileReference; lastKnownFileType = sourcecode.swift; path = AppDelegate.swift; sourceTree = "<group>"; };
		D40C658D2160F3260034E3F6 /* ViewController.swift */ = {isa = PBXFileReference; lastKnownFileType = sourcecode.swift; path = ViewController.swift; sourceTree = "<group>"; };
		D40C65902160F3260034E3F6 /* Base */ = {isa = PBXFileReference; lastKnownFileType = file.storyboard; name = Base; path = Base.lproj/Main.storyboard; sourceTree = "<group>"; };
		D40C65932160F3260034E3F6 /* Veg.xcdatamodel */ = {isa = PBXFileReference; lastKnownFileType = wrapper.xcdatamodel; path = Veg.xcdatamodel; sourceTree = "<group>"; };
		D40C65952160F3290034E3F6 /* Assets.xcassets */ = {isa = PBXFileReference; lastKnownFileType = folder.assetcatalog; path = Assets.xcassets; sourceTree = "<group>"; };
		D40C65982160F3290034E3F6 /* Base */ = {isa = PBXFileReference; lastKnownFileType = file.storyboard; name = Base; path = Base.lproj/LaunchScreen.storyboard; sourceTree = "<group>"; };
		D40C659A2160F3290034E3F6 /* Info.plist */ = {isa = PBXFileReference; lastKnownFileType = text.plist.xml; path = Info.plist; sourceTree = "<group>"; };
		D40C65A1216121040034E3F6 /* Conta.swift */ = {isa = PBXFileReference; lastKnownFileType = sourcecode.swift; path = Conta.swift; sourceTree = "<group>"; };
		D40C65A32161214D0034E3F6 /* Restaurante.swift */ = {isa = PBXFileReference; lastKnownFileType = sourcecode.swift; path = Restaurante.swift; sourceTree = "<group>"; };
		D40C65AC2161467A0034E3F6 /* FabricaAbstrata.swift */ = {isa = PBXFileReference; lastKnownFileType = sourcecode.swift; path = FabricaAbstrata.swift; sourceTree = "<group>"; };
		D4CFFA0921615F460021144D /* IRepositorioContas.swift */ = {isa = PBXFileReference; lastKnownFileType = sourcecode.swift; path = IRepositorioContas.swift; sourceTree = "<group>"; };
		D4CFFA0B21615F960021144D /* IRepositorioRestaurante.swift */ = {isa = PBXFileReference; lastKnownFileType = sourcecode.swift; path = IRepositorioRestaurante.swift; sourceTree = "<group>"; };
		D4CFFA0D216160B80021144D /* IRepositorio.swift */ = {isa = PBXFileReference; lastKnownFileType = sourcecode.swift; path = IRepositorio.swift; sourceTree = "<group>"; };
		D4CFFA0F21623A730021144D /* RepositorioContas.swift */ = {isa = PBXFileReference; lastKnownFileType = sourcecode.swift; path = RepositorioContas.swift; sourceTree = "<group>"; };
		D4CFFA1121623AA20021144D /* RepositorioRestaurante.swift */ = {isa = PBXFileReference; lastKnownFileType = sourcecode.swift; path = RepositorioRestaurante.swift; sourceTree = "<group>"; };
		D4CFFA14216249CA0021144D /* Fachada.swift */ = {isa = PBXFileReference; lastKnownFileType = sourcecode.swift; path = Fachada.swift; sourceTree = "<group>"; };
		D4CFFA1621624AE70021144D /* CamadaNegócio .swift */ = {isa = PBXFileReference; lastKnownFileType = sourcecode.swift; path = "CamadaNegócio .swift"; sourceTree = "<group>"; };
		D4CFFA1921626B800021144D /* FabricaConcreta.swift */ = {isa = PBXFileReference; lastKnownFileType = sourcecode.swift; path = FabricaConcreta.swift; sourceTree = "<group>"; };
		D4CFFA1B216273720021144D /* ControladorRealizarLogin.swift */ = {isa = PBXFileReference; lastKnownFileType = sourcecode.swift; path = ControladorRealizarLogin.swift; sourceTree = "<group>"; };
		D4CFFA1D216273F90021144D /* ControladorBuscarRestaurantes.swift */ = {isa = PBXFileReference; lastKnownFileType = sourcecode.swift; path = ControladorBuscarRestaurantes.swift; sourceTree = "<group>"; };
		D4CFFA1F2162752D0021144D /* CadastroConta.swift */ = {isa = PBXFileReference; lastKnownFileType = sourcecode.swift; path = CadastroConta.swift; sourceTree = "<group>"; };
		D4CFFA21216275530021144D /* CadastroRestaurante.swift */ = {isa = PBXFileReference; lastKnownFileType = sourcecode.swift; path = CadastroRestaurante.swift; sourceTree = "<group>"; };
		D4CFFA23216312830021144D /* RestaurantesViewController.swift */ = {isa = PBXFileReference; lastKnownFileType = sourcecode.swift; path = RestaurantesViewController.swift; sourceTree = "<group>"; };
		D4CFFA262163140C0021144D /* RestauranteTableViewCell.swift */ = {isa = PBXFileReference; lastKnownFileType = sourcecode.swift; path = RestauranteTableViewCell.swift; sourceTree = "<group>"; };
		D4CFFA282165460E0021144D /* CadastrarRestauranteViewController.swift */ = {isa = PBXFileReference; lastKnownFileType = sourcecode.swift; path = CadastrarRestauranteViewController.swift; sourceTree = "<group>"; };
		D4F48D52E40F670FDA108EF8 /* Pods_Veg.framework */ = {isa = PBXFileReference; explicitFileType = wrapper.framework; includeInIndex = 0; path = Pods_Veg.framework; sourceTree = BUILT_PRODUCTS_DIR; };
/* End PBXFileReference section */

/* Begin PBXFrameworksBuildPhase section */
		D40C65852160F3260034E3F6 /* Frameworks */ = {
			isa = PBXFrameworksBuildPhase;
			buildActionMask = 2147483647;
			files = (
				87E3F98EC20E468112E556B1 /* Pods_Veg.framework in Frameworks */,
			);
			runOnlyForDeploymentPostprocessing = 0;
		};
/* End PBXFrameworksBuildPhase section */

/* Begin PBXGroup section */
		3E2325A0FB011855227923E4 /* Frameworks */ = {
			isa = PBXGroup;
			children = (
				D4F48D52E40F670FDA108EF8 /* Pods_Veg.framework */,
			);
			name = Frameworks;
			sourceTree = "<group>";
		};
		A8A2F31A8192DC3F5D9DFA96 /* Pods */ = {
			isa = PBXGroup;
			children = (
				35C1374DDB718583074849E3 /* Pods-Veg.debug.xcconfig */,
				35DA4C3638CBDD59C644DB30 /* Pods-Veg.release.xcconfig */,
			);
			name = Pods;
			sourceTree = "<group>";
		};
		D40C657F2160F3260034E3F6 = {
			isa = PBXGroup;
			children = (
				D40C658A2160F3260034E3F6 /* Veg */,
				D40C65892160F3260034E3F6 /* Products */,
				A8A2F31A8192DC3F5D9DFA96 /* Pods */,
				3E2325A0FB011855227923E4 /* Frameworks */,
			);
			sourceTree = "<group>";
		};
		D40C65892160F3260034E3F6 /* Products */ = {
			isa = PBXGroup;
			children = (
				D40C65882160F3260034E3F6 /* Veg.app */,
			);
			name = Products;
			sourceTree = "<group>";
		};
		D40C658A2160F3260034E3F6 /* Veg */ = {
			isa = PBXGroup;
			children = (
				D4CFFA25216313E90021144D /* Modelos da Interface */,
				D4CFFA1821626AE60021144D /* CamadaNegócio */,
				D4CFFA13216249BB0021144D /* Fachada */,
				D4CFFA0621615CAA0021144D /* Controller */,
				D40C65A5216125380034E3F6 /* Fabricas */,
				D40C65A0216120CC0034E3F6 /* Modelos */,
				D40C658B2160F3260034E3F6 /* AppDelegate.swift */,
				D40C658F2160F3260034E3F6 /* Main.storyboard */,
				D40C65952160F3290034E3F6 /* Assets.xcassets */,
				3820F1B62161608400C916F3 /* facebook.png */,
				D40C65972160F3290034E3F6 /* LaunchScreen.storyboard */,
				D40C659A2160F3290034E3F6 /* Info.plist */,
				8E9F1CA62162F062003B7D17 /* GoogleService-Info.plist */,
				D40C65922160F3260034E3F6 /* Veg.xcdatamodeld */,
				D4CFFA1621624AE70021144D /* CamadaNegócio .swift */,
			);
			path = Veg;
			sourceTree = "<group>";
		};
		D40C65A0216120CC0034E3F6 /* Modelos */ = {
			isa = PBXGroup;
			children = (
				D4CFFA0D216160B80021144D /* IRepositorio.swift */,
				D4CFFA0821615CF50021144D /* Restaurante */,
				D4CFFA0721615CEE0021144D /* Conta */,
			);
			path = Modelos;
			sourceTree = "<group>";
		};
		D40C65A5216125380034E3F6 /* Fabricas */ = {
			isa = PBXGroup;
			children = (
				D40C65AC2161467A0034E3F6 /* FabricaAbstrata.swift */,
				D4CFFA1921626B800021144D /* FabricaConcreta.swift */,
			);
			path = Fabricas;
			sourceTree = "<group>";
		};
		D4CFFA0621615CAA0021144D /* Controller */ = {
			isa = PBXGroup;
			children = (
				D40C658D2160F3260034E3F6 /* ViewController.swift */,
				D4CFFA23216312830021144D /* RestaurantesViewController.swift */,
				D4CFFA282165460E0021144D /* CadastrarRestauranteViewController.swift */,
			);
			path = Controller;
			sourceTree = "<group>";
		};
		D4CFFA0721615CEE0021144D /* Conta */ = {
			isa = PBXGroup;
			children = (
				D40C65A1216121040034E3F6 /* Conta.swift */,
				D4CFFA0921615F460021144D /* IRepositorioContas.swift */,
				D4CFFA0F21623A730021144D /* RepositorioContas.swift */,
			);
			path = Conta;
			sourceTree = "<group>";
		};
		D4CFFA0821615CF50021144D /* Restaurante */ = {
			isa = PBXGroup;
			children = (
				D40C65A32161214D0034E3F6 /* Restaurante.swift */,
				D4CFFA0B21615F960021144D /* IRepositorioRestaurante.swift */,
				D4CFFA1121623AA20021144D /* RepositorioRestaurante.swift */,
			);
			path = Restaurante;
			sourceTree = "<group>";
		};
		D4CFFA13216249BB0021144D /* Fachada */ = {
			isa = PBXGroup;
			children = (
				D4CFFA14216249CA0021144D /* Fachada.swift */,
			);
			path = Fachada;
			sourceTree = "<group>";
		};
		D4CFFA1821626AE60021144D /* CamadaNegócio */ = {
			isa = PBXGroup;
			children = (
				D4CFFA1B216273720021144D /* ControladorRealizarLogin.swift */,
				D4CFFA1D216273F90021144D /* ControladorBuscarRestaurantes.swift */,
				D4CFFA1F2162752D0021144D /* CadastroConta.swift */,
				D4CFFA21216275530021144D /* CadastroRestaurante.swift */,
			);
			name = "CamadaNegócio";
			path = "CamadaNegócio";
			sourceTree = "<group>";
		};
		D4CFFA25216313E90021144D /* Modelos da Interface */ = {
			isa = PBXGroup;
			children = (
				D4CFFA262163140C0021144D /* RestauranteTableViewCell.swift */,
			);
			path = "Modelos da Interface";
			sourceTree = "<group>";
		};
/* End PBXGroup section */

/* Begin PBXNativeTarget section */
		D40C65872160F3260034E3F6 /* Veg */ = {
			isa = PBXNativeTarget;
			buildConfigurationList = D40C659D2160F3290034E3F6 /* Build configuration list for PBXNativeTarget "Veg" */;
			buildPhases = (
				F0495C3A30CE1F3357E8A49A /* [CP] Check Pods Manifest.lock */,
				D40C65842160F3260034E3F6 /* Sources */,
				D40C65852160F3260034E3F6 /* Frameworks */,
				D40C65862160F3260034E3F6 /* Resources */,
				12D91B998BB21908F588C8F2 /* [CP] Embed Pods Frameworks */,
			);
			buildRules = (
			);
			dependencies = (
			);
			name = Veg;
			productName = Veg;
			productReference = D40C65882160F3260034E3F6 /* Veg.app */;
			productType = "com.apple.product-type.application";
		};
/* End PBXNativeTarget section */

/* Begin PBXProject section */
		D40C65802160F3260034E3F6 /* Project object */ = {
			isa = PBXProject;
			attributes = {
				LastSwiftUpdateCheck = 0930;
				LastUpgradeCheck = 0930;
				ORGANIZATIONNAME = Vegaps;
				TargetAttributes = {
					D40C65872160F3260034E3F6 = {
						CreatedOnToolsVersion = 9.3;
					};
				};
			};
			buildConfigurationList = D40C65832160F3260034E3F6 /* Build configuration list for PBXProject "Veg" */;
			compatibilityVersion = "Xcode 9.3";
			developmentRegion = en;
			hasScannedForEncodings = 0;
			knownRegions = (
				en,
				Base,
			);
			mainGroup = D40C657F2160F3260034E3F6;
			productRefGroup = D40C65892160F3260034E3F6 /* Products */;
			projectDirPath = "";
			projectRoot = "";
			targets = (
				D40C65872160F3260034E3F6 /* Veg */,
			);
		};
/* End PBXProject section */

/* Begin PBXResourcesBuildPhase section */
		D40C65862160F3260034E3F6 /* Resources */ = {
			isa = PBXResourcesBuildPhase;
			buildActionMask = 2147483647;
			files = (
				D40C65992160F3290034E3F6 /* LaunchScreen.storyboard in Resources */,
				3820F1B72161608400C916F3 /* facebook.png in Resources */,
				8E9F1CA72162F062003B7D17 /* GoogleService-Info.plist in Resources */,
				D40C65962160F3290034E3F6 /* Assets.xcassets in Resources */,
				D40C65912160F3260034E3F6 /* Main.storyboard in Resources */,
			);
			runOnlyForDeploymentPostprocessing = 0;
		};
/* End PBXResourcesBuildPhase section */

/* Begin PBXShellScriptBuildPhase section */
		12D91B998BB21908F588C8F2 /* [CP] Embed Pods Frameworks */ = {
			isa = PBXShellScriptBuildPhase;
			buildActionMask = 2147483647;
			files = (
			);
			inputPaths = (
				"${SRCROOT}/Pods/Target Support Files/Pods-Veg/Pods-Veg-frameworks.sh",
				"${BUILT_PRODUCTS_DIR}/GTMSessionFetcher/GTMSessionFetcher.framework",
				"${BUILT_PRODUCTS_DIR}/GoogleUtilities/GoogleUtilities.framework",
				"${BUILT_PRODUCTS_DIR}/leveldb-library/leveldb.framework",
				"${BUILT_PRODUCTS_DIR}/nanopb/nanopb.framework",
			);
			name = "[CP] Embed Pods Frameworks";
			outputPaths = (
				"${TARGET_BUILD_DIR}/${FRAMEWORKS_FOLDER_PATH}/GTMSessionFetcher.framework",
				"${TARGET_BUILD_DIR}/${FRAMEWORKS_FOLDER_PATH}/GoogleUtilities.framework",
				"${TARGET_BUILD_DIR}/${FRAMEWORKS_FOLDER_PATH}/leveldb.framework",
				"${TARGET_BUILD_DIR}/${FRAMEWORKS_FOLDER_PATH}/nanopb.framework",
			);
			runOnlyForDeploymentPostprocessing = 0;
			shellPath = /bin/sh;
			shellScript = "\"${SRCROOT}/Pods/Target Support Files/Pods-Veg/Pods-Veg-frameworks.sh\"\n";
			showEnvVarsInLog = 0;
		};
		F0495C3A30CE1F3357E8A49A /* [CP] Check Pods Manifest.lock */ = {
			isa = PBXShellScriptBuildPhase;
			buildActionMask = 2147483647;
			files = (
			);
			inputPaths = (
				"${PODS_PODFILE_DIR_PATH}/Podfile.lock",
				"${PODS_ROOT}/Manifest.lock",
			);
			name = "[CP] Check Pods Manifest.lock";
			outputPaths = (
				"$(DERIVED_FILE_DIR)/Pods-Veg-checkManifestLockResult.txt",
			);
			runOnlyForDeploymentPostprocessing = 0;
			shellPath = /bin/sh;
			shellScript = "diff \"${PODS_PODFILE_DIR_PATH}/Podfile.lock\" \"${PODS_ROOT}/Manifest.lock\" > /dev/null\nif [ $? != 0 ] ; then\n    # print error to STDERR\n    echo \"error: The sandbox is not in sync with the Podfile.lock. Run 'pod install' or update your CocoaPods installation.\" >&2\n    exit 1\nfi\n# This output is used by Xcode 'outputs' to avoid re-running this script phase.\necho \"SUCCESS\" > \"${SCRIPT_OUTPUT_FILE_0}\"\n";
			showEnvVarsInLog = 0;
		};
/* End PBXShellScriptBuildPhase section */

/* Begin PBXSourcesBuildPhase section */
		D40C65842160F3260034E3F6 /* Sources */ = {
			isa = PBXSourcesBuildPhase;
			buildActionMask = 2147483647;
			files = (
				D4CFFA1C216273720021144D /* ControladorRealizarLogin.swift in Sources */,
				D4CFFA0E216160B80021144D /* IRepositorio.swift in Sources */,
				D4CFFA1A21626B800021144D /* FabricaConcreta.swift in Sources */,
				D40C65A2216121040034E3F6 /* Conta.swift in Sources */,
				D4CFFA202162752D0021144D /* CadastroConta.swift in Sources */,
				D4CFFA292165460E0021144D /* CadastrarRestauranteViewController.swift in Sources */,
				D4CFFA0A21615F460021144D /* IRepositorioContas.swift in Sources */,
				D40C65A42161214D0034E3F6 /* Restaurante.swift in Sources */,
				D4CFFA22216275530021144D /* CadastroRestaurante.swift in Sources */,
				D4CFFA1E216273F90021144D /* ControladorBuscarRestaurantes.swift in Sources */,
				D4CFFA24216312830021144D /* RestaurantesViewController.swift in Sources */,
				D40C65942160F3260034E3F6 /* Veg.xcdatamodeld in Sources */,
				D4CFFA15216249CA0021144D /* Fachada.swift in Sources */,
				D40C658E2160F3260034E3F6 /* ViewController.swift in Sources */,
				D4CFFA1721624AE70021144D /* CamadaNegócio .swift in Sources */,
				D4CFFA272163140C0021144D /* RestauranteTableViewCell.swift in Sources */,
				D4CFFA1221623AA20021144D /* RepositorioRestaurante.swift in Sources */,
				D4CFFA0C21615F960021144D /* IRepositorioRestaurante.swift in Sources */,
				D40C658C2160F3260034E3F6 /* AppDelegate.swift in Sources */,
				D4CFFA1021623A730021144D /* RepositorioContas.swift in Sources */,
				D40C65AD2161467A0034E3F6 /* FabricaAbstrata.swift in Sources */,
			);
			runOnlyForDeploymentPostprocessing = 0;
		};
/* End PBXSourcesBuildPhase section */

/* Begin PBXVariantGroup section */
		D40C658F2160F3260034E3F6 /* Main.storyboard */ = {
			isa = PBXVariantGroup;
			children = (
				D40C65902160F3260034E3F6 /* Base */,
			);
			name = Main.storyboard;
			sourceTree = "<group>";
		};
		D40C65972160F3290034E3F6 /* LaunchScreen.storyboard */ = {
			isa = PBXVariantGroup;
			children = (
				D40C65982160F3290034E3F6 /* Base */,
			);
			name = LaunchScreen.storyboard;
			sourceTree = "<group>";
		};
/* End PBXVariantGroup section */

/* Begin XCBuildConfiguration section */
		D40C659B2160F3290034E3F6 /* Debug */ = {
			isa = XCBuildConfiguration;
			buildSettings = {
				ALWAYS_SEARCH_USER_PATHS = NO;
				CLANG_ANALYZER_NONNULL = YES;
				CLANG_ANALYZER_NUMBER_OBJECT_CONVERSION = YES_AGGRESSIVE;
				CLANG_CXX_LANGUAGE_STANDARD = "gnu++14";
				CLANG_CXX_LIBRARY = "libc++";
				CLANG_ENABLE_MODULES = YES;
				CLANG_ENABLE_OBJC_ARC = YES;
				CLANG_ENABLE_OBJC_WEAK = YES;
				CLANG_WARN_BLOCK_CAPTURE_AUTORELEASING = YES;
				CLANG_WARN_BOOL_CONVERSION = YES;
				CLANG_WARN_COMMA = YES;
				CLANG_WARN_CONSTANT_CONVERSION = YES;
				CLANG_WARN_DEPRECATED_OBJC_IMPLEMENTATIONS = YES;
				CLANG_WARN_DIRECT_OBJC_ISA_USAGE = YES_ERROR;
				CLANG_WARN_DOCUMENTATION_COMMENTS = YES;
				CLANG_WARN_EMPTY_BODY = YES;
				CLANG_WARN_ENUM_CONVERSION = YES;
				CLANG_WARN_INFINITE_RECURSION = YES;
				CLANG_WARN_INT_CONVERSION = YES;
				CLANG_WARN_NON_LITERAL_NULL_CONVERSION = YES;
				CLANG_WARN_OBJC_IMPLICIT_RETAIN_SELF = YES;
				CLANG_WARN_OBJC_LITERAL_CONVERSION = YES;
				CLANG_WARN_OBJC_ROOT_CLASS = YES_ERROR;
				CLANG_WARN_RANGE_LOOP_ANALYSIS = YES;
				CLANG_WARN_STRICT_PROTOTYPES = YES;
				CLANG_WARN_SUSPICIOUS_MOVE = YES;
				CLANG_WARN_UNGUARDED_AVAILABILITY = YES_AGGRESSIVE;
				CLANG_WARN_UNREACHABLE_CODE = YES;
				CLANG_WARN__DUPLICATE_METHOD_MATCH = YES;
				CODE_SIGN_IDENTITY = "iPhone Developer";
				COPY_PHASE_STRIP = NO;
				DEBUG_INFORMATION_FORMAT = dwarf;
				ENABLE_STRICT_OBJC_MSGSEND = YES;
				ENABLE_TESTABILITY = YES;
				GCC_C_LANGUAGE_STANDARD = gnu11;
				GCC_DYNAMIC_NO_PIC = NO;
				GCC_NO_COMMON_BLOCKS = YES;
				GCC_OPTIMIZATION_LEVEL = 0;
				GCC_PREPROCESSOR_DEFINITIONS = (
					"DEBUG=1",
					"$(inherited)",
				);
				GCC_WARN_64_TO_32_BIT_CONVERSION = YES;
				GCC_WARN_ABOUT_RETURN_TYPE = YES_ERROR;
				GCC_WARN_UNDECLARED_SELECTOR = YES;
				GCC_WARN_UNINITIALIZED_AUTOS = YES_AGGRESSIVE;
				GCC_WARN_UNUSED_FUNCTION = YES;
				GCC_WARN_UNUSED_VARIABLE = YES;
				IPHONEOS_DEPLOYMENT_TARGET = 11.3;
				MTL_ENABLE_DEBUG_INFO = YES;
				ONLY_ACTIVE_ARCH = YES;
				SDKROOT = iphoneos;
				SWIFT_ACTIVE_COMPILATION_CONDITIONS = DEBUG;
				SWIFT_OPTIMIZATION_LEVEL = "-Onone";
			};
			name = Debug;
		};
		D40C659C2160F3290034E3F6 /* Release */ = {
			isa = XCBuildConfiguration;
			buildSettings = {
				ALWAYS_SEARCH_USER_PATHS = NO;
				CLANG_ANALYZER_NONNULL = YES;
				CLANG_ANALYZER_NUMBER_OBJECT_CONVERSION = YES_AGGRESSIVE;
				CLANG_CXX_LANGUAGE_STANDARD = "gnu++14";
				CLANG_CXX_LIBRARY = "libc++";
				CLANG_ENABLE_MODULES = YES;
				CLANG_ENABLE_OBJC_ARC = YES;
				CLANG_ENABLE_OBJC_WEAK = YES;
				CLANG_WARN_BLOCK_CAPTURE_AUTORELEASING = YES;
				CLANG_WARN_BOOL_CONVERSION = YES;
				CLANG_WARN_COMMA = YES;
				CLANG_WARN_CONSTANT_CONVERSION = YES;
				CLANG_WARN_DEPRECATED_OBJC_IMPLEMENTATIONS = YES;
				CLANG_WARN_DIRECT_OBJC_ISA_USAGE = YES_ERROR;
				CLANG_WARN_DOCUMENTATION_COMMENTS = YES;
				CLANG_WARN_EMPTY_BODY = YES;
				CLANG_WARN_ENUM_CONVERSION = YES;
				CLANG_WARN_INFINITE_RECURSION = YES;
				CLANG_WARN_INT_CONVERSION = YES;
				CLANG_WARN_NON_LITERAL_NULL_CONVERSION = YES;
				CLANG_WARN_OBJC_IMPLICIT_RETAIN_SELF = YES;
				CLANG_WARN_OBJC_LITERAL_CONVERSION = YES;
				CLANG_WARN_OBJC_ROOT_CLASS = YES_ERROR;
				CLANG_WARN_RANGE_LOOP_ANALYSIS = YES;
				CLANG_WARN_STRICT_PROTOTYPES = YES;
				CLANG_WARN_SUSPICIOUS_MOVE = YES;
				CLANG_WARN_UNGUARDED_AVAILABILITY = YES_AGGRESSIVE;
				CLANG_WARN_UNREACHABLE_CODE = YES;
				CLANG_WARN__DUPLICATE_METHOD_MATCH = YES;
				CODE_SIGN_IDENTITY = "iPhone Developer";
				COPY_PHASE_STRIP = NO;
				DEBUG_INFORMATION_FORMAT = "dwarf-with-dsym";
				ENABLE_NS_ASSERTIONS = NO;
				ENABLE_STRICT_OBJC_MSGSEND = YES;
				GCC_C_LANGUAGE_STANDARD = gnu11;
				GCC_NO_COMMON_BLOCKS = YES;
				GCC_WARN_64_TO_32_BIT_CONVERSION = YES;
				GCC_WARN_ABOUT_RETURN_TYPE = YES_ERROR;
				GCC_WARN_UNDECLARED_SELECTOR = YES;
				GCC_WARN_UNINITIALIZED_AUTOS = YES_AGGRESSIVE;
				GCC_WARN_UNUSED_FUNCTION = YES;
				GCC_WARN_UNUSED_VARIABLE = YES;
				IPHONEOS_DEPLOYMENT_TARGET = 11.3;
				MTL_ENABLE_DEBUG_INFO = NO;
				SDKROOT = iphoneos;
				SWIFT_COMPILATION_MODE = wholemodule;
				SWIFT_OPTIMIZATION_LEVEL = "-O";
				VALIDATE_PRODUCT = YES;
			};
			name = Release;
		};
		D40C659E2160F3290034E3F6 /* Debug */ = {
			isa = XCBuildConfiguration;
			baseConfigurationReference = 35C1374DDB718583074849E3 /* Pods-Veg.debug.xcconfig */;
			buildSettings = {
				ASSETCATALOG_COMPILER_APPICON_NAME = AppIcon;
				CODE_SIGN_STYLE = Automatic;
				DEVELOPMENT_TEAM = A975LQD622;
				INFOPLIST_FILE = Veg/Info.plist;
				LD_RUNPATH_SEARCH_PATHS = (
					"$(inherited)",
					"@executable_path/Frameworks",
				);
				PRODUCT_BUNDLE_IDENTIFIER = UFPE.Veg;
				PRODUCT_NAME = "$(TARGET_NAME)";
				SWIFT_VERSION = 4.0;
				TARGETED_DEVICE_FAMILY = "1,2";
			};
			name = Debug;
		};
		D40C659F2160F3290034E3F6 /* Release */ = {
			isa = XCBuildConfiguration;
			baseConfigurationReference = 35DA4C3638CBDD59C644DB30 /* Pods-Veg.release.xcconfig */;
			buildSettings = {
				ASSETCATALOG_COMPILER_APPICON_NAME = AppIcon;
				CODE_SIGN_STYLE = Automatic;
				DEVELOPMENT_TEAM = A975LQD622;
				INFOPLIST_FILE = Veg/Info.plist;
				LD_RUNPATH_SEARCH_PATHS = (
					"$(inherited)",
					"@executable_path/Frameworks",
				);
				PRODUCT_BUNDLE_IDENTIFIER = UFPE.Veg;
				PRODUCT_NAME = "$(TARGET_NAME)";
				SWIFT_VERSION = 4.0;
				TARGETED_DEVICE_FAMILY = "1,2";
			};
			name = Release;
		};
/* End XCBuildConfiguration section */

/* Begin XCConfigurationList section */
		D40C65832160F3260034E3F6 /* Build configuration list for PBXProject "Veg" */ = {
			isa = XCConfigurationList;
			buildConfigurations = (
				D40C659B2160F3290034E3F6 /* Debug */,
				D40C659C2160F3290034E3F6 /* Release */,
			);
			defaultConfigurationIsVisible = 0;
			defaultConfigurationName = Release;
		};
		D40C659D2160F3290034E3F6 /* Build configuration list for PBXNativeTarget "Veg" */ = {
			isa = XCConfigurationList;
			buildConfigurations = (
				D40C659E2160F3290034E3F6 /* Debug */,
				D40C659F2160F3290034E3F6 /* Release */,
			);
			defaultConfigurationIsVisible = 0;
			defaultConfigurationName = Release;
		};
/* End XCConfigurationList section */

/* Begin XCVersionGroup section */
		D40C65922160F3260034E3F6 /* Veg.xcdatamodeld */ = {
			isa = XCVersionGroup;
			children = (
				D40C65932160F3260034E3F6 /* Veg.xcdatamodel */,
			);
			currentVersion = D40C65932160F3260034E3F6 /* Veg.xcdatamodel */;
			path = Veg.xcdatamodeld;
			sourceTree = "<group>";
			versionGroupType = wrapper.xcdatamodel;
		};
/* End XCVersionGroup section */
	};
	rootObject = D40C65802160F3260034E3F6 /* Project object */;
}
