// !$*UTF8*$!
{
	archiveVersion = 1;
	classes = {
	};
	objectVersion = 50;
	objects = {

/* Begin PBXBuildFile section */
		3820F1B72161608400C916F3 /* facebook.png in Resources */ = {isa = PBXBuildFile; fileRef = 3820F1B62161608400C916F3 /* facebook.png */; };
		D40C658C2160F3260034E3F6 /* AppDelegate.swift in Sources */ = {isa = PBXBuildFile; fileRef = D40C658B2160F3260034E3F6 /* AppDelegate.swift */; };
		D40C658E2160F3260034E3F6 /* ViewController.swift in Sources */ = {isa = PBXBuildFile; fileRef = D40C658D2160F3260034E3F6 /* ViewController.swift */; };
		D40C65912160F3260034E3F6 /* Main.storyboard in Resources */ = {isa = PBXBuildFile; fileRef = D40C658F2160F3260034E3F6 /* Main.storyboard */; };
		D40C65942160F3260034E3F6 /* Veg.xcdatamodeld in Sources */ = {isa = PBXBuildFile; fileRef = D40C65922160F3260034E3F6 /* Veg.xcdatamodeld */; };
		D40C65962160F3290034E3F6 /* Assets.xcassets in Resources */ = {isa = PBXBuildFile; fileRef = D40C65952160F3290034E3F6 /* Assets.xcassets */; };
		D40C65992160F3290034E3F6 /* LaunchScreen.storyboard in Resources */ = {isa = PBXBuildFile; fileRef = D40C65972160F3290034E3F6 /* LaunchScreen.storyboard */; };
		D40C65A2216121040034E3F6 /* Conta.swift in Sources */ = {isa = PBXBuildFile; fileRef = D40C65A1216121040034E3F6 /* Conta.swift */; };
		D40C65A42161214D0034E3F6 /* Restaurante.swift in Sources */ = {isa = PBXBuildFile; fileRef = D40C65A32161214D0034E3F6 /* Restaurante.swift */; };
		D40C65AA21612F6B0034E3F6 /* Collections.swift in Sources */ = {isa = PBXBuildFile; fileRef = D40C65A921612F6B0034E3F6 /* Collections.swift */; };
		D40C65AD2161467A0034E3F6 /* FabricaAbstrata.swift in Sources */ = {isa = PBXBuildFile; fileRef = D40C65AC2161467A0034E3F6 /* FabricaAbstrata.swift */; };
		D40C65AF216149A00034E3F6 /* AbstractFactoryRestaurant.swift in Sources */ = {isa = PBXBuildFile; fileRef = D40C65AE216149A00034E3F6 /* AbstractFactoryRestaurant.swift */; };
/* End PBXBuildFile section */

/* Begin PBXFileReference section */
		3820F1B62161608400C916F3 /* facebook.png */ = {isa = PBXFileReference; lastKnownFileType = image.png; path = facebook.png; sourceTree = "<group>"; };
		D40C65882160F3260034E3F6 /* Veg.app */ = {isa = PBXFileReference; explicitFileType = wrapper.application; includeInIndex = 0; path = Veg.app; sourceTree = BUILT_PRODUCTS_DIR; };
		D40C658B2160F3260034E3F6 /* AppDelegate.swift */ = {isa = PBXFileReference; lastKnownFileType = sourcecode.swift; path = AppDelegate.swift; sourceTree = "<group>"; };
		D40C658D2160F3260034E3F6 /* ViewController.swift */ = {isa = PBXFileReference; lastKnownFileType = sourcecode.swift; path = ViewController.swift; sourceTree = "<group>"; };
		D40C65902160F3260034E3F6 /* Base */ = {isa = PBXFileReference; lastKnownFileType = file.storyboard; name = Base; path = Base.lproj/Main.storyboard; sourceTree = "<group>"; };
		D40C65932160F3260034E3F6 /* Veg.xcdatamodel */ = {isa = PBXFileReference; lastKnownFileType = wrapper.xcdatamodel; path = Veg.xcdatamodel; sourceTree = "<group>"; };
		D40C65952160F3290034E3F6 /* Assets.xcassets */ = {isa = PBXFileReference; lastKnownFileType = folder.assetcatalog; path = Assets.xcassets; sourceTree = "<group>"; };
		D40C65982160F3290034E3F6 /* Base */ = {isa = PBXFileReference; lastKnownFileType = file.storyboard; name = Base; path = Base.lproj/LaunchScreen.storyboard; sourceTree = "<group>"; };
		D40C659A2160F3290034E3F6 /* Info.plist */ = {isa = PBXFileReference; lastKnownFileType = text.plist.xml; path = Info.plist; sourceTree = "<group>"; };
		D40C65A1216121040034E3F6 /* Conta.swift */ = {isa = PBXFileReference; lastKnownFileType = sourcecode.swift; path = Conta.swift; sourceTree = "<group>"; };
		D40C65A32161214D0034E3F6 /* Restaurante.swift */ = {isa = PBXFileReference; lastKnownFileType = sourcecode.swift; path = Restaurante.swift; sourceTree = "<group>"; };
		D40C65A921612F6B0034E3F6 /* Collections.swift */ = {isa = PBXFileReference; lastKnownFileType = sourcecode.swift; path = Collections.swift; sourceTree = "<group>"; };
		D40C65AC2161467A0034E3F6 /* FabricaAbstrata.swift */ = {isa = PBXFileReference; lastKnownFileType = sourcecode.swift; path = FabricaAbstrata.swift; sourceTree = "<group>"; };
		D40C65AE216149A00034E3F6 /* AbstractFactoryRestaurant.swift */ = {isa = PBXFileReference; lastKnownFileType = sourcecode.swift; path = AbstractFactoryRestaurant.swift; sourceTree = "<group>"; };
/* End PBXFileReference section */

/* Begin PBXFrameworksBuildPhase section */
		D40C65852160F3260034E3F6 /* Frameworks */ = {
			isa = PBXFrameworksBuildPhase;
			buildActionMask = 2147483647;
			files = (
			);
			runOnlyForDeploymentPostprocessing = 0;
		};
/* End PBXFrameworksBuildPhase section */

/* Begin PBXGroup section */
		D40C657F2160F3260034E3F6 = {
			isa = PBXGroup;
			children = (
				D40C658A2160F3260034E3F6 /* Veg */,
				D40C65892160F3260034E3F6 /* Products */,
			);
			sourceTree = "<group>";
		};
		D40C65892160F3260034E3F6 /* Products */ = {
			isa = PBXGroup;
			children = (
				D40C65882160F3260034E3F6 /* Veg.app */,
			);
			name = Products;
			sourceTree = "<group>";
		};
		D40C658A2160F3260034E3F6 /* Veg */ = {
			isa = PBXGroup;
			children = (
				D40C65A5216125380034E3F6 /* Factory */,
				D40C65A0216120CC0034E3F6 /* Models */,
				D40C658B2160F3260034E3F6 /* AppDelegate.swift */,
				D40C658D2160F3260034E3F6 /* ViewController.swift */,
				D40C658F2160F3260034E3F6 /* Main.storyboard */,
				D40C65952160F3290034E3F6 /* Assets.xcassets */,
				3820F1B62161608400C916F3 /* facebook.png */,
				D40C65972160F3290034E3F6 /* LaunchScreen.storyboard */,
				D40C659A2160F3290034E3F6 /* Info.plist */,
				D40C65922160F3260034E3F6 /* Veg.xcdatamodeld */,
			);
			path = Veg;
			sourceTree = "<group>";
		};
		D40C65A0216120CC0034E3F6 /* Models */ = {
			isa = PBXGroup;
			children = (
				D40C65A1216121040034E3F6 /* Conta.swift */,
				D40C65A32161214D0034E3F6 /* Restaurante.swift */,
			);
			path = Models;
			sourceTree = "<group>";
		};
		D40C65A5216125380034E3F6 /* Factory */ = {
			isa = PBXGroup;
			children = (
				D40C65A921612F6B0034E3F6 /* Collections.swift */,
				D40C65AC2161467A0034E3F6 /* FabricaAbstrata.swift */,
				D40C65AE216149A00034E3F6 /* AbstractFactoryRestaurant.swift */,
			);
			path = Factory;
			sourceTree = "<group>";
		};
/* End PBXGroup section */

/* Begin PBXNativeTarget section */
		D40C65872160F3260034E3F6 /* Veg */ = {
			isa = PBXNativeTarget;
			buildConfigurationList = D40C659D2160F3290034E3F6 /* Build configuration list for PBXNativeTarget "Veg" */;
			buildPhases = (
				D40C65842160F3260034E3F6 /* Sources */,
				D40C65852160F3260034E3F6 /* Frameworks */,
				D40C65862160F3260034E3F6 /* Resources */,
			);
			buildRules = (
			);
			dependencies = (
			);
			name = Veg;
			productName = Veg;
			productReference = D40C65882160F3260034E3F6 /* Veg.app */;
			productType = "com.apple.product-type.application";
		};
/* End PBXNativeTarget section */

/* Begin PBXProject section */
		D40C65802160F3260034E3F6 /* Project object */ = {
			isa = PBXProject;
			attributes = {
				LastSwiftUpdateCheck = 0930;
				LastUpgradeCheck = 0930;
				ORGANIZATIONNAME = Vegaps;
				TargetAttributes = {
					D40C65872160F3260034E3F6 = {
						CreatedOnToolsVersion = 9.3;
					};
				};
			};
			buildConfigurationList = D40C65832160F3260034E3F6 /* Build configuration list for PBXProject "Veg" */;
			compatibilityVersion = "Xcode 9.3";
			developmentRegion = en;
			hasScannedForEncodings = 0;
			knownRegions = (
				en,
				Base,
			);
			mainGroup = D40C657F2160F3260034E3F6;
			productRefGroup = D40C65892160F3260034E3F6 /* Products */;
			projectDirPath = "";
			projectRoot = "";
			targets = (
				D40C65872160F3260034E3F6 /* Veg */,
			);
		};
/* End PBXProject section */

/* Begin PBXResourcesBuildPhase section */
		D40C65862160F3260034E3F6 /* Resources */ = {
			isa = PBXResourcesBuildPhase;
			buildActionMask = 2147483647;
			files = (
				D40C65992160F3290034E3F6 /* LaunchScreen.storyboard in Resources */,
				3820F1B72161608400C916F3 /* facebook.png in Resources */,
				D40C65962160F3290034E3F6 /* Assets.xcassets in Resources */,
				D40C65912160F3260034E3F6 /* Main.storyboard in Resources */,
			);
			runOnlyForDeploymentPostprocessing = 0;
		};
/* End PBXResourcesBuildPhase section */

/* Begin PBXSourcesBuildPhase section */
		D40C65842160F3260034E3F6 /* Sources */ = {
			isa = PBXSourcesBuildPhase;
			buildActionMask = 2147483647;
			files = (
				D40C65A2216121040034E3F6 /* Conta.swift in Sources */,
				D40C65A42161214D0034E3F6 /* Restaurante.swift in Sources */,
				D40C65942160F3260034E3F6 /* Veg.xcdatamodeld in Sources */,
				D40C65AA21612F6B0034E3F6 /* Collections.swift in Sources */,
				D40C658E2160F3260034E3F6 /* ViewController.swift in Sources */,
				D40C658C2160F3260034E3F6 /* AppDelegate.swift in Sources */,
				D40C65AD2161467A0034E3F6 /* FabricaAbstrata.swift in Sources */,
				D40C65AF216149A00034E3F6 /* AbstractFactoryRestaurant.swift in Sources */,
			);
			runOnlyForDeploymentPostprocessing = 0;
		};
/* End PBXSourcesBuildPhase section */

/* Begin PBXVariantGroup section */
		D40C658F2160F3260034E3F6 /* Main.storyboard */ = {
			isa = PBXVariantGroup;
			children = (
				D40C65902160F3260034E3F6 /* Base */,
			);
			name = Main.storyboard;
			sourceTree = "<group>";
		};
		D40C65972160F3290034E3F6 /* LaunchScreen.storyboard */ = {
			isa = PBXVariantGroup;
			children = (
				D40C65982160F3290034E3F6 /* Base */,
			);
			name = LaunchScreen.storyboard;
			sourceTree = "<group>";
		};
/* End PBXVariantGroup section */

/* Begin XCBuildConfiguration section */
		D40C659B2160F3290034E3F6 /* Debug */ = {
			isa = XCBuildConfiguration;
			buildSettings = {
				ALWAYS_SEARCH_USER_PATHS = NO;
				CLANG_ANALYZER_NONNULL = YES;
				CLANG_ANALYZER_NUMBER_OBJECT_CONVERSION = YES_AGGRESSIVE;
				CLANG_CXX_LANGUAGE_STANDARD = "gnu++14";
				CLANG_CXX_LIBRARY = "libc++";
				CLANG_ENABLE_MODULES = YES;
				CLANG_ENABLE_OBJC_ARC = YES;
				CLANG_ENABLE_OBJC_WEAK = YES;
				CLANG_WARN_BLOCK_CAPTURE_AUTORELEASING = YES;
				CLANG_WARN_BOOL_CONVERSION = YES;
				CLANG_WARN_COMMA = YES;
				CLANG_WARN_CONSTANT_CONVERSION = YES;
				CLANG_WARN_DEPRECATED_OBJC_IMPLEMENTATIONS = YES;
				CLANG_WARN_DIRECT_OBJC_ISA_USAGE = YES_ERROR;
				CLANG_WARN_DOCUMENTATION_COMMENTS = YES;
				CLANG_WARN_EMPTY_BODY = YES;
				CLANG_WARN_ENUM_CONVERSION = YES;
				CLANG_WARN_INFINITE_RECURSION = YES;
				CLANG_WARN_INT_CONVERSION = YES;
				CLANG_WARN_NON_LITERAL_NULL_CONVERSION = YES;
				CLANG_WARN_OBJC_IMPLICIT_RETAIN_SELF = YES;
				CLANG_WARN_OBJC_LITERAL_CONVERSION = YES;
				CLANG_WARN_OBJC_ROOT_CLASS = YES_ERROR;
				CLANG_WARN_RANGE_LOOP_ANALYSIS = YES;
				CLANG_WARN_STRICT_PROTOTYPES = YES;
				CLANG_WARN_SUSPICIOUS_MOVE = YES;
				CLANG_WARN_UNGUARDED_AVAILABILITY = YES_AGGRESSIVE;
				CLANG_WARN_UNREACHABLE_CODE = YES;
				CLANG_WARN__DUPLICATE_METHOD_MATCH = YES;
				CODE_SIGN_IDENTITY = "iPhone Developer";
				COPY_PHASE_STRIP = NO;
				DEBUG_INFORMATION_FORMAT = dwarf;
				ENABLE_STRICT_OBJC_MSGSEND = YES;
				ENABLE_TESTABILITY = YES;
				GCC_C_LANGUAGE_STANDARD = gnu11;
				GCC_DYNAMIC_NO_PIC = NO;
				GCC_NO_COMMON_BLOCKS = YES;
				GCC_OPTIMIZATION_LEVEL = 0;
				GCC_PREPROCESSOR_DEFINITIONS = (
					"DEBUG=1",
					"$(inherited)",
				);
				GCC_WARN_64_TO_32_BIT_CONVERSION = YES;
				GCC_WARN_ABOUT_RETURN_TYPE = YES_ERROR;
				GCC_WARN_UNDECLARED_SELECTOR = YES;
				GCC_WARN_UNINITIALIZED_AUTOS = YES_AGGRESSIVE;
				GCC_WARN_UNUSED_FUNCTION = YES;
				GCC_WARN_UNUSED_VARIABLE = YES;
				IPHONEOS_DEPLOYMENT_TARGET = 11.3;
				MTL_ENABLE_DEBUG_INFO = YES;
				ONLY_ACTIVE_ARCH = YES;
				SDKROOT = iphoneos;
				SWIFT_ACTIVE_COMPILATION_CONDITIONS = DEBUG;
				SWIFT_OPTIMIZATION_LEVEL = "-Onone";
			};
			name = Debug;
		};
		D40C659C2160F3290034E3F6 /* Release */ = {
			isa = XCBuildConfiguration;
			buildSettings = {
				ALWAYS_SEARCH_USER_PATHS = NO;
				CLANG_ANALYZER_NONNULL = YES;
				CLANG_ANALYZER_NUMBER_OBJECT_CONVERSION = YES_AGGRESSIVE;
				CLANG_CXX_LANGUAGE_STANDARD = "gnu++14";
				CLANG_CXX_LIBRARY = "libc++";
				CLANG_ENABLE_MODULES = YES;
				CLANG_ENABLE_OBJC_ARC = YES;
				CLANG_ENABLE_OBJC_WEAK = YES;
				CLANG_WARN_BLOCK_CAPTURE_AUTORELEASING = YES;
				CLANG_WARN_BOOL_CONVERSION = YES;
				CLANG_WARN_COMMA = YES;
				CLANG_WARN_CONSTANT_CONVERSION = YES;
				CLANG_WARN_DEPRECATED_OBJC_IMPLEMENTATIONS = YES;
				CLANG_WARN_DIRECT_OBJC_ISA_USAGE = YES_ERROR;
				CLANG_WARN_DOCUMENTATION_COMMENTS = YES;
				CLANG_WARN_EMPTY_BODY = YES;
				CLANG_WARN_ENUM_CONVERSION = YES;
				CLANG_WARN_INFINITE_RECURSION = YES;
				CLANG_WARN_INT_CONVERSION = YES;
				CLANG_WARN_NON_LITERAL_NULL_CONVERSION = YES;
				CLANG_WARN_OBJC_IMPLICIT_RETAIN_SELF = YES;
				CLANG_WARN_OBJC_LITERAL_CONVERSION = YES;
				CLANG_WARN_OBJC_ROOT_CLASS = YES_ERROR;
				CLANG_WARN_RANGE_LOOP_ANALYSIS = YES;
				CLANG_WARN_STRICT_PROTOTYPES = YES;
				CLANG_WARN_SUSPICIOUS_MOVE = YES;
				CLANG_WARN_UNGUARDED_AVAILABILITY = YES_AGGRESSIVE;
				CLANG_WARN_UNREACHABLE_CODE = YES;
				CLANG_WARN__DUPLICATE_METHOD_MATCH = YES;
				CODE_SIGN_IDENTITY = "iPhone Developer";
				COPY_PHASE_STRIP = NO;
				DEBUG_INFORMATION_FORMAT = "dwarf-with-dsym";
				ENABLE_NS_ASSERTIONS = NO;
				ENABLE_STRICT_OBJC_MSGSEND = YES;
				GCC_C_LANGUAGE_STANDARD = gnu11;
				GCC_NO_COMMON_BLOCKS = YES;
				GCC_WARN_64_TO_32_BIT_CONVERSION = YES;
				GCC_WARN_ABOUT_RETURN_TYPE = YES_ERROR;
				GCC_WARN_UNDECLARED_SELECTOR = YES;
				GCC_WARN_UNINITIALIZED_AUTOS = YES_AGGRESSIVE;
				GCC_WARN_UNUSED_FUNCTION = YES;
				GCC_WARN_UNUSED_VARIABLE = YES;
				IPHONEOS_DEPLOYMENT_TARGET = 11.3;
				MTL_ENABLE_DEBUG_INFO = NO;
				SDKROOT = iphoneos;
				SWIFT_COMPILATION_MODE = wholemodule;
				SWIFT_OPTIMIZATION_LEVEL = "-O";
				VALIDATE_PRODUCT = YES;
			};
			name = Release;
		};
		D40C659E2160F3290034E3F6 /* Debug */ = {
			isa = XCBuildConfiguration;
			buildSettings = {
				ASSETCATALOG_COMPILER_APPICON_NAME = AppIcon;
				CODE_SIGN_STYLE = Automatic;
				DEVELOPMENT_TEAM = SNKGQ9S9S3;
				INFOPLIST_FILE = Veg/Info.plist;
				LD_RUNPATH_SEARCH_PATHS = (
					"$(inherited)",
					"@executable_path/Frameworks",
				);
				PRODUCT_BUNDLE_IDENTIFIER = UFPE.Veg;
				PRODUCT_NAME = "$(TARGET_NAME)";
				SWIFT_VERSION = 4.0;
				TARGETED_DEVICE_FAMILY = "1,2";
			};
			name = Debug;
		};
		D40C659F2160F3290034E3F6 /* Release */ = {
			isa = XCBuildConfiguration;
			buildSettings = {
				ASSETCATALOG_COMPILER_APPICON_NAME = AppIcon;
				CODE_SIGN_STYLE = Automatic;
				DEVELOPMENT_TEAM = SNKGQ9S9S3;
				INFOPLIST_FILE = Veg/Info.plist;
				LD_RUNPATH_SEARCH_PATHS = (
					"$(inherited)",
					"@executable_path/Frameworks",
				);
				PRODUCT_BUNDLE_IDENTIFIER = UFPE.Veg;
				PRODUCT_NAME = "$(TARGET_NAME)";
				SWIFT_VERSION = 4.0;
				TARGETED_DEVICE_FAMILY = "1,2";
			};
			name = Release;
		};
/* End XCBuildConfiguration section */

/* Begin XCConfigurationList section */
		D40C65832160F3260034E3F6 /* Build configuration list for PBXProject "Veg" */ = {
			isa = XCConfigurationList;
			buildConfigurations = (
				D40C659B2160F3290034E3F6 /* Debug */,
				D40C659C2160F3290034E3F6 /* Release */,
			);
			defaultConfigurationIsVisible = 0;
			defaultConfigurationName = Release;
		};
		D40C659D2160F3290034E3F6 /* Build configuration list for PBXNativeTarget "Veg" */ = {
			isa = XCConfigurationList;
			buildConfigurations = (
				D40C659E2160F3290034E3F6 /* Debug */,
				D40C659F2160F3290034E3F6 /* Release */,
			);
			defaultConfigurationIsVisible = 0;
			defaultConfigurationName = Release;
		};
/* End XCConfigurationList section */

/* Begin XCVersionGroup section */
		D40C65922160F3260034E3F6 /* Veg.xcdatamodeld */ = {
			isa = XCVersionGroup;
			children = (
				D40C65932160F3260034E3F6 /* Veg.xcdatamodel */,
			);
			currentVersion = D40C65932160F3260034E3F6 /* Veg.xcdatamodel */;
			path = Veg.xcdatamodeld;
			sourceTree = "<group>";
			versionGroupType = wrapper.xcdatamodel;
		};
/* End XCVersionGroup section */
	};
	rootObject = D40C65802160F3260034E3F6 /* Project object */;
}
